
Microsoft Visual Studio Solution File, Format Version 12.00
# Visual Studio 14
VisualStudioVersion = 14.0.25420.1
MinimumVisualStudioVersion = 10.0.40219.1
Project("{8BC9CEB8-8B4A-11D0-8D11-00A0C91BC942}") = "01_OpenAWindow", "01_OpenAWindow\01_OpenAWindow.vcxproj", "{9C202608-9249-423E-B7E9-6896D883ADF7}"
EndProject
Project("{8BC9CEB8-8B4A-11D0-8D11-00A0C91BC942}") = "02_HelloDot", "02_HelloDot\02_HelloDot.vcxproj", "{ED95AAFB-D1EB-4087-BB14-76007B76A676}"
EndProject
Project("{8BC9CEB8-8B4A-11D0-8D11-00A0C91BC942}") = "03_FirstTriangle", "03_FirstTriangle\03_FirstTriangle.vcxproj", "{28D452B9-F7C8-4571-A4E2-C938CF6C5E09}"
EndProject
Project("{8BC9CEB8-8B4A-11D0-8D11-00A0C91BC942}") = "04_Shaders", "04_Shaders\04_Shaders.vcxproj", "{1E30A83C-1836-4F56-9238-59488DBFFDCD}"
EndProject
Project("{8BC9CEB8-8B4A-11D0-8D11-00A0C91BC942}") = "05_UniformVariables", "05_UniformVariables\05_UniformVariables.vcxproj", "{B92E7890-D1FE-42DF-8CB5-B4938B630CC0}"
EndProject
Project("{8BC9CEB8-8B4A-11D0-8D11-00A0C91BC942}") = "06_TranslationTransformation", "06_TranslationTransformation\06_TranslationTransformation.vcxproj", "{D526AA84-ADB7-4BFB-A128-C03519F7745D}"
EndProject
Global
	GlobalSection(SolutionConfigurationPlatforms) = preSolution
		debug_dx9|x64 = debug_dx9|x64
		debug_dx9|x86 = debug_dx9|x86
		debug_ogl|x64 = debug_ogl|x64
		debug_ogl|x86 = debug_ogl|x86
		Debug|x64 = Debug|x64
		Debug|x86 = Debug|x86
		Release|x64 = Release|x64
		Release|x86 = Release|x86
	EndGlobalSection
	GlobalSection(ProjectConfigurationPlatforms) = postSolution
		{9C202608-9249-423E-B7E9-6896D883ADF7}.debug_dx9|x64.ActiveCfg = debug_dx9|x64
		{9C202608-9249-423E-B7E9-6896D883ADF7}.debug_dx9|x64.Build.0 = debug_dx9|x64
		{9C202608-9249-423E-B7E9-6896D883ADF7}.debug_dx9|x86.ActiveCfg = debug_dx9|Win32
		{9C202608-9249-423E-B7E9-6896D883ADF7}.debug_dx9|x86.Build.0 = debug_dx9|Win32
		{9C202608-9249-423E-B7E9-6896D883ADF7}.debug_ogl|x64.ActiveCfg = debug_ogl|Win32
		{9C202608-9249-423E-B7E9-6896D883ADF7}.debug_ogl|x64.Build.0 = debug_ogl|Win32
		{9C202608-9249-423E-B7E9-6896D883ADF7}.debug_ogl|x86.ActiveCfg = debug_ogl|Win32
		{9C202608-9249-423E-B7E9-6896D883ADF7}.debug_ogl|x86.Build.0 = debug_ogl|Win32
		{9C202608-9249-423E-B7E9-6896D883ADF7}.Debug|x64.ActiveCfg = Debug|x64
		{9C202608-9249-423E-B7E9-6896D883ADF7}.Debug|x64.Build.0 = Debug|x64
		{9C202608-9249-423E-B7E9-6896D883ADF7}.Debug|x86.ActiveCfg = Debug|Win32
		{9C202608-9249-423E-B7E9-6896D883ADF7}.Debug|x86.Build.0 = Debug|Win32
		{9C202608-9249-423E-B7E9-6896D883ADF7}.Release|x64.ActiveCfg = debug_ogl|Win32
		{9C202608-9249-423E-B7E9-6896D883ADF7}.Release|x64.Build.0 = debug_ogl|Win32
		{9C202608-9249-423E-B7E9-6896D883ADF7}.Release|x86.ActiveCfg = debug_ogl|Win32
		{9C202608-9249-423E-B7E9-6896D883ADF7}.Release|x86.Build.0 = debug_ogl|Win32
		{ED95AAFB-D1EB-4087-BB14-76007B76A676}.debug_dx9|x64.ActiveCfg = Debug|x64
		{ED95AAFB-D1EB-4087-BB14-76007B76A676}.debug_dx9|x64.Build.0 = Debug|x64
		{ED95AAFB-D1EB-4087-BB14-76007B76A676}.debug_dx9|x86.ActiveCfg = debug_dx9|Win32
		{ED95AAFB-D1EB-4087-BB14-76007B76A676}.debug_dx9|x86.Build.0 = debug_dx9|Win32
		{ED95AAFB-D1EB-4087-BB14-76007B76A676}.debug_ogl|x64.ActiveCfg = Debug|x64
		{ED95AAFB-D1EB-4087-BB14-76007B76A676}.debug_ogl|x64.Build.0 = Debug|x64
		{ED95AAFB-D1EB-4087-BB14-76007B76A676}.debug_ogl|x86.ActiveCfg = debug_ogl|Win32
		{ED95AAFB-D1EB-4087-BB14-76007B76A676}.debug_ogl|x86.Build.0 = debug_ogl|Win32
		{ED95AAFB-D1EB-4087-BB14-76007B76A676}.Debug|x64.ActiveCfg = Debug|x64
		{ED95AAFB-D1EB-4087-BB14-76007B76A676}.Debug|x64.Build.0 = Debug|x64
		{ED95AAFB-D1EB-4087-BB14-76007B76A676}.Debug|x86.ActiveCfg = Debug|Win32
		{ED95AAFB-D1EB-4087-BB14-76007B76A676}.Debug|x86.Build.0 = Debug|Win32
		{ED95AAFB-D1EB-4087-BB14-76007B76A676}.Release|x64.ActiveCfg = Release|x64
		{ED95AAFB-D1EB-4087-BB14-76007B76A676}.Release|x64.Build.0 = Release|x64
		{ED95AAFB-D1EB-4087-BB14-76007B76A676}.Release|x86.ActiveCfg = Release|Win32
		{ED95AAFB-D1EB-4087-BB14-76007B76A676}.Release|x86.Build.0 = Release|Win32
		{28D452B9-F7C8-4571-A4E2-C938CF6C5E09}.debug_dx9|x64.ActiveCfg = Debug|x64
		{28D452B9-F7C8-4571-A4E2-C938CF6C5E09}.debug_dx9|x64.Build.0 = Debug|x64
		{28D452B9-F7C8-4571-A4E2-C938CF6C5E09}.debug_dx9|x86.ActiveCfg = debug_dx9|Win32
		{28D452B9-F7C8-4571-A4E2-C938CF6C5E09}.debug_dx9|x86.Build.0 = debug_dx9|Win32
		{28D452B9-F7C8-4571-A4E2-C938CF6C5E09}.debug_ogl|x64.ActiveCfg = Debug|x64
		{28D452B9-F7C8-4571-A4E2-C938CF6C5E09}.debug_ogl|x64.Build.0 = Debug|x64
		{28D452B9-F7C8-4571-A4E2-C938CF6C5E09}.debug_ogl|x86.ActiveCfg = debug_ogl|Win32
		{28D452B9-F7C8-4571-A4E2-C938CF6C5E09}.debug_ogl|x86.Build.0 = debug_ogl|Win32
		{28D452B9-F7C8-4571-A4E2-C938CF6C5E09}.Debug|x64.ActiveCfg = Debug|x64
		{28D452B9-F7C8-4571-A4E2-C938CF6C5E09}.Debug|x64.Build.0 = Debug|x64
		{28D452B9-F7C8-4571-A4E2-C938CF6C5E09}.Debug|x86.ActiveCfg = Debug|Win32
		{28D452B9-F7C8-4571-A4E2-C938CF6C5E09}.Debug|x86.Build.0 = Debug|Win32
		{28D452B9-F7C8-4571-A4E2-C938CF6C5E09}.Release|x64.ActiveCfg = Release|x64
		{28D452B9-F7C8-4571-A4E2-C938CF6C5E09}.Release|x64.Build.0 = Release|x64
		{28D452B9-F7C8-4571-A4E2-C938CF6C5E09}.Release|x86.ActiveCfg = Release|Win32
		{28D452B9-F7C8-4571-A4E2-C938CF6C5E09}.Release|x86.Build.0 = Release|Win32
		{1E30A83C-1836-4F56-9238-59488DBFFDCD}.debug_dx9|x64.ActiveCfg = Debug|x64
		{1E30A83C-1836-4F56-9238-59488DBFFDCD}.debug_dx9|x64.Build.0 = Debug|x64
		{1E30A83C-1836-4F56-9238-59488DBFFDCD}.debug_dx9|x86.ActiveCfg = debug_dx9|Win32
		{1E30A83C-1836-4F56-9238-59488DBFFDCD}.debug_dx9|x86.Build.0 = debug_dx9|Win32
		{1E30A83C-1836-4F56-9238-59488DBFFDCD}.debug_ogl|x64.ActiveCfg = Debug|x64
		{1E30A83C-1836-4F56-9238-59488DBFFDCD}.debug_ogl|x64.Build.0 = Debug|x64
		{1E30A83C-1836-4F56-9238-59488DBFFDCD}.debug_ogl|x86.ActiveCfg = debug_ogl|Win32
		{1E30A83C-1836-4F56-9238-59488DBFFDCD}.debug_ogl|x86.Build.0 = debug_ogl|Win32
		{1E30A83C-1836-4F56-9238-59488DBFFDCD}.Debug|x64.ActiveCfg = Debug|x64
		{1E30A83C-1836-4F56-9238-59488DBFFDCD}.Debug|x64.Build.0 = Debug|x64
		{1E30A83C-1836-4F56-9238-59488DBFFDCD}.Debug|x86.ActiveCfg = Debug|Win32
		{1E30A83C-1836-4F56-9238-59488DBFFDCD}.Debug|x86.Build.0 = Debug|Win32
		{1E30A83C-1836-4F56-9238-59488DBFFDCD}.Release|x64.ActiveCfg = Release|x64
		{1E30A83C-1836-4F56-9238-59488DBFFDCD}.Release|x64.Build.0 = Release|x64
		{1E30A83C-1836-4F56-9238-59488DBFFDCD}.Release|x86.ActiveCfg = Release|Win32
		{1E30A83C-1836-4F56-9238-59488DBFFDCD}.Release|x86.Build.0 = Release|Win32
		{B92E7890-D1FE-42DF-8CB5-B4938B630CC0}.debug_dx9|x64.ActiveCfg = Debug|x64
		{B92E7890-D1FE-42DF-8CB5-B4938B630CC0}.debug_dx9|x64.Build.0 = Debug|x64
		{B92E7890-D1FE-42DF-8CB5-B4938B630CC0}.debug_dx9|x86.ActiveCfg = debug_dx9|Win32
		{B92E7890-D1FE-42DF-8CB5-B4938B630CC0}.debug_dx9|x86.Build.0 = debug_dx9|Win32
		{B92E7890-D1FE-42DF-8CB5-B4938B630CC0}.debug_ogl|x64.ActiveCfg = Debug|x64
		{B92E7890-D1FE-42DF-8CB5-B4938B630CC0}.debug_ogl|x64.Build.0 = Debug|x64
		{B92E7890-D1FE-42DF-8CB5-B4938B630CC0}.debug_ogl|x86.ActiveCfg = debug_ogl|Win32
		{B92E7890-D1FE-42DF-8CB5-B4938B630CC0}.debug_ogl|x86.Build.0 = debug_ogl|Win32
		{B92E7890-D1FE-42DF-8CB5-B4938B630CC0}.Debug|x64.ActiveCfg = Debug|x64
		{B92E7890-D1FE-42DF-8CB5-B4938B630CC0}.Debug|x64.Build.0 = Debug|x64
		{B92E7890-D1FE-42DF-8CB5-B4938B630CC0}.Debug|x86.ActiveCfg = Debug|Win32
		{B92E7890-D1FE-42DF-8CB5-B4938B630CC0}.Debug|x86.Build.0 = Debug|Win32
		{B92E7890-D1FE-42DF-8CB5-B4938B630CC0}.Release|x64.ActiveCfg = Release|x64
		{B92E7890-D1FE-42DF-8CB5-B4938B630CC0}.Release|x64.Build.0 = Release|x64
		{B92E7890-D1FE-42DF-8CB5-B4938B630CC0}.Release|x86.ActiveCfg = Release|Win32
		{B92E7890-D1FE-42DF-8CB5-B4938B630CC0}.Release|x86.Build.0 = Release|Win32
		{D526AA84-ADB7-4BFB-A128-C03519F7745D}.debug_dx9|x64.ActiveCfg = Debug|x64
		{D526AA84-ADB7-4BFB-A128-C03519F7745D}.debug_dx9|x64.Build.0 = Debug|x64
		{D526AA84-ADB7-4BFB-A128-C03519F7745D}.debug_dx9|x86.ActiveCfg = debug_dx9|Win32
		{D526AA84-ADB7-4BFB-A128-C03519F7745D}.debug_dx9|x86.Build.0 = debug_dx9|Win32
		{D526AA84-ADB7-4BFB-A128-C03519F7745D}.debug_ogl|x64.ActiveCfg = Debug|x64
		{D526AA84-ADB7-4BFB-A128-C03519F7745D}.debug_ogl|x64.Build.0 = Debug|x64
		{D526AA84-ADB7-4BFB-A128-C03519F7745D}.debug_ogl|x86.ActiveCfg = debug_ogl|Win32
		{D526AA84-ADB7-4BFB-A128-C03519F7745D}.debug_ogl|x86.Build.0 = debug_ogl|Win32
		{D526AA84-ADB7-4BFB-A128-C03519F7745D}.Debug|x64.ActiveCfg = Debug|x64
		{D526AA84-ADB7-4BFB-A128-C03519F7745D}.Debug|x64.Build.0 = Debug|x64
		{D526AA84-ADB7-4BFB-A128-C03519F7745D}.Debug|x86.ActiveCfg = Debug|Win32
		{D526AA84-ADB7-4BFB-A128-C03519F7745D}.Debug|x86.Build.0 = Debug|Win32
		{D526AA84-ADB7-4BFB-A128-C03519F7745D}.Release|x64.ActiveCfg = Release|x64
		{D526AA84-ADB7-4BFB-A128-C03519F7745D}.Release|x64.Build.0 = Release|x64
		{D526AA84-ADB7-4BFB-A128-C03519F7745D}.Release|x86.ActiveCfg = Release|Win32
		{D526AA84-ADB7-4BFB-A128-C03519F7745D}.Release|x86.Build.0 = Release|Win32
	EndGlobalSection
	GlobalSection(SolutionProperties) = preSolution
		HideSolutionNode = FALSE
	EndGlobalSection
EndGlobal
