<?xml version="1.0" encoding="utf-8"?>
<Project ToolsVersion="4.0" xmlns="http://schemas.microsoft.com/developer/msbuild/2003">
  <ItemGroup>
    <Filter Include="math">
      <UniqueIdentifier>{176b9be7-ba25-49e1-845a-ba3068065d41}</UniqueIdentifier>
    </Filter>
    <Filter Include="core">
      <UniqueIdentifier>{e3dd672a-2fd8-49f1-89e2-135e723f532b}</UniqueIdentifier>
    </Filter>
    <Filter Include="graphics_api">
      <UniqueIdentifier>{31fe616c-3bd1-4f63-b268-80e2668517f0}</UniqueIdentifier>
    </Filter>
    <Filter Include="utils">
      <UniqueIdentifier>{31355a82-24a6-4ed3-b03c-db225ead76d0}</UniqueIdentifier>
    </Filter>
    <Filter Include="platform">
      <UniqueIdentifier>{1297ed43-6cfc-4b38-8578-7bae6abb0287}</UniqueIdentifier>
    </Filter>
    <Filter Include="platform\windows">
      <UniqueIdentifier>{8c50091d-f193-44ae-9e01-09086507e599}</UniqueIdentifier>
    </Filter>
    <Filter Include="vendor">
      <UniqueIdentifier>{c0801fae-e8e5-46da-a1a8-21b502fa036b}</UniqueIdentifier>
    </Filter>
    <Filter Include="vendor\stb">
      <UniqueIdentifier>{518ae3a6-b469-4c13-9b7e-f374f546cc2b}</UniqueIdentifier>
    </Filter>
    <Filter Include="font">
      <UniqueIdentifier>{e1b376c3-6038-4fb1-862c-66b90a48dec2}</UniqueIdentifier>
    </Filter>
    <Filter Include="vendor\rapidxml">
      <UniqueIdentifier>{6ee657f6-a16d-483b-9150-bf411d214596}</UniqueIdentifier>
    </Filter>
    <Filter Include="graphics_api\dx9">
      <UniqueIdentifier>{7678d550-4507-497c-8c5a-5df9918379eb}</UniqueIdentifier>
    </Filter>
    <Filter Include="graphics_api\dx11">
      <UniqueIdentifier>{abefd6b4-a26b-4b23-8e9a-c756d37356fb}</UniqueIdentifier>
    </Filter>
    <Filter Include="graphics_api\rhi">
      <UniqueIdentifier>{8778a5bb-b4a1-4d05-91a8-0e106632d54a}</UniqueIdentifier>
    </Filter>
    <Filter Include="graphics_api\ogl">
      <UniqueIdentifier>{a0d2cff1-1a6c-404c-8844-9cca0f84fa66}</UniqueIdentifier>
    </Filter>
  </ItemGroup>
  <ItemGroup>
    <ClCompile Include="math\math.cpp">
      <Filter>math</Filter>
    </ClCompile>
    <ClCompile Include="core\log.cpp">
      <Filter>core</Filter>
    </ClCompile>
    <ClCompile Include="utils\string_utils.cpp">
      <Filter>utils</Filter>
    </ClCompile>
    <ClCompile Include="core\event.cpp">
      <Filter>core</Filter>
    </ClCompile>
    <ClCompile Include="core\input_state.cpp">
      <Filter>core</Filter>
    </ClCompile>
    <ClCompile Include="utils\unit_test.cpp">
      <Filter>utils</Filter>
    </ClCompile>
    <ClCompile Include="core\color.cpp">
      <Filter>core</Filter>
    </ClCompile>
    <ClCompile Include="core\image.cpp">
      <Filter>core</Filter>
    </ClCompile>
    <ClCompile Include="core\file_output_stream.cpp">
      <Filter>core</Filter>
    </ClCompile>
    <ClCompile Include="core\input_stream.cpp">
      <Filter>core</Filter>
    </ClCompile>
    <ClCompile Include="core\file_input_stream.cpp">
      <Filter>core</Filter>
    </ClCompile>
    <ClCompile Include="platform\windows\windows_file_system.cpp">
      <Filter>platform\windows</Filter>
    </ClCompile>
    <ClCompile Include="platform\windows\windows_platform.cpp">
      <Filter>platform\windows</Filter>
    </ClCompile>
    <ClCompile Include="utils\geometry_gen.cpp">
      <Filter>utils</Filter>
    </ClCompile>
    <ClCompile Include="math\bbox.cpp">
      <Filter>math</Filter>
    </ClCompile>
    <ClCompile Include="core\path.cpp">
      <Filter>core</Filter>
    </ClCompile>
    <ClCompile Include="core\file_system.cpp">
      <Filter>core</Filter>
    </ClCompile>
    <ClCompile Include="..\Vendor\stb\stb_image.c">
      <Filter>vendor\stb</Filter>
    </ClCompile>
    <ClCompile Include="..\Vendor\stb\stb_image_write.c">
      <Filter>vendor\stb</Filter>
    </ClCompile>
    <ClCompile Include="core\texture.cpp">
      <Filter>core</Filter>
    </ClCompile>
    <ClCompile Include="font\font.cpp">
      <Filter>font</Filter>
    </ClCompile>
    <ClCompile Include="font\bitmap_font.cpp">
      <Filter>font</Filter>
    </ClCompile>
    <ClCompile Include="graphics_api\dx9\common_dx9.cpp">
      <Filter>graphics_api\dx9</Filter>
    </ClCompile>
    <ClCompile Include="graphics_api\dx9\renderer_dx9.cpp">
      <Filter>graphics_api\dx9</Filter>
    </ClCompile>
    <ClCompile Include="platform\windows\windows_window_base.cpp">
      <Filter>platform\windows</Filter>
    </ClCompile>
    <ClCompile Include="font\glyph.cpp">
      <Filter>font</Filter>
    </ClCompile>
    <ClCompile Include="math\rng.cpp">
      <Filter>math</Filter>
    </ClCompile>
    <ClCompile Include="core\find_path2d.cpp">
      <Filter>core</Filter>
    </ClCompile>
    <ClCompile Include="math\ray.cpp">
      <Filter>math</Filter>
    </ClCompile>
    <ClCompile Include="graphics_api\dx9\xmesh_dx9.cpp">
      <Filter>graphics_api\dx9</Filter>
    </ClCompile>
    <ClCompile Include="graphics_api\dx11\common_dx11.cpp">
      <Filter>graphics_api\dx11</Filter>
    </ClCompile>
    <ClCompile Include="graphics_api\rhi\renderer_rhi.cpp">
      <Filter>graphics_api\rhi</Filter>
    </ClCompile>
    <ClCompile Include="graphics_api\ogl\window_ogl.cpp">
      <Filter>graphics_api\ogl</Filter>
    </ClCompile>
    <ClCompile Include="graphics_api\ogl\common_ogl.cpp">
      <Filter>graphics_api\ogl</Filter>
    </ClCompile>
    <ClCompile Include="graphics_api\rhi\shader_rhi.cpp">
      <Filter>graphics_api\rhi</Filter>
    </ClCompile>
    <ClCompile Include="graphics_api\sims_sdk_rhi.cpp">
      <Filter>graphics_api</Filter>
    </ClCompile>
    <ClCompile Include="graphics_api\dx9\shader_dx9.cpp">
      <Filter>graphics_api\dx9</Filter>
    </ClCompile>
    <ClCompile Include="core\vfs.cpp">
      <Filter>core</Filter>
    </ClCompile>
    <ClCompile Include="graphics_api\ogl\renderer_caps_ogl.cpp">
      <Filter>graphics_api\ogl</Filter>
    </ClCompile>
    <ClCompile Include="graphics_api\dx9\renderer_caps_dx9.cpp">
      <Filter>graphics_api\dx9</Filter>
    </ClCompile>
  </ItemGroup>
  <ItemGroup>
    <ClInclude Include="math\math_fwd.h">
      <Filter>math</Filter>
    </ClInclude>
    <ClInclude Include="math\matrix33.h">
      <Filter>math</Filter>
    </ClInclude>
    <ClInclude Include="math\matrix44.h">
      <Filter>math</Filter>
    </ClInclude>
    <ClInclude Include="math\vector2.h">
      <Filter>math</Filter>
    </ClInclude>
    <ClInclude Include="math\vector3.h">
      <Filter>math</Filter>
    </ClInclude>
    <ClInclude Include="math\vector4.h">
      <Filter>math</Filter>
    </ClInclude>
    <ClInclude Include="core\log.h">
      <Filter>core</Filter>
    </ClInclude>
    <ClInclude Include="sims.h" />
    <ClInclude Include="utils\string_utils.h">
      <Filter>utils</Filter>
    </ClInclude>
    <ClInclude Include="core\event.h">
      <Filter>core</Filter>
    </ClInclude>
    <ClInclude Include="core\ref.h">
      <Filter>core</Filter>
    </ClInclude>
    <ClInclude Include="core\key_event.h">
      <Filter>core</Filter>
    </ClInclude>
    <ClInclude Include="core\mouse_event.h">
      <Filter>core</Filter>
    </ClInclude>
    <ClInclude Include="utils\demo_app.h">
      <Filter>utils</Filter>
    </ClInclude>
    <ClInclude Include="core\input_state.h">
      <Filter>core</Filter>
    </ClInclude>
    <ClInclude Include="core\timer.h">
      <Filter>core</Filter>
    </ClInclude>
    <ClInclude Include="utils\unit_test.h">
      <Filter>utils</Filter>
    </ClInclude>
    <ClInclude Include="math\quat.h">
      <Filter>math</Filter>
    </ClInclude>
    <ClInclude Include="core\color.h">
      <Filter>core</Filter>
    </ClInclude>
    <ClInclude Include="core\image.h">
      <Filter>core</Filter>
    </ClInclude>
    <ClInclude Include="core\output_stream.h">
      <Filter>core</Filter>
    </ClInclude>
    <ClInclude Include="core\file_output_stream.h">
      <Filter>core</Filter>
    </ClInclude>
    <ClInclude Include="core\input_stream.h">
      <Filter>core</Filter>
    </ClInclude>
    <ClInclude Include="core\file_input_stream.h">
      <Filter>core</Filter>
    </ClInclude>
    <ClInclude Include="core\file_system.h">
      <Filter>core</Filter>
    </ClInclude>
    <ClInclude Include="platform\windows\windows_file_system.h">
      <Filter>platform\windows</Filter>
    </ClInclude>
    <ClInclude Include="platform\platform.h">
      <Filter>platform</Filter>
    </ClInclude>
    <ClInclude Include="utils\geometry_gen.h">
      <Filter>utils</Filter>
    </ClInclude>
    <ClInclude Include="utils\fps.h">
      <Filter>utils</Filter>
    </ClInclude>
    <ClInclude Include="math\bbox.h">
      <Filter>math</Filter>
    </ClInclude>
    <ClInclude Include="core\path.h">
      <Filter>core</Filter>
    </ClInclude>
    <ClInclude Include="..\Vendor\stb\stb_image.h">
      <Filter>vendor\stb</Filter>
    </ClInclude>
    <ClInclude Include="..\Vendor\stb\stb_image_write.h">
      <Filter>vendor\stb</Filter>
    </ClInclude>
    <ClInclude Include="font\glyph.h">
      <Filter>font</Filter>
    </ClInclude>
    <ClInclude Include="math\rectangle.h">
      <Filter>math</Filter>
    </ClInclude>
    <ClInclude Include="core\texture.h">
      <Filter>core</Filter>
    </ClInclude>
    <ClInclude Include="..\Vendor\rapidxml\rapidxml.hpp">
      <Filter>vendor\rapidxml</Filter>
    </ClInclude>
    <ClInclude Include="..\Vendor\rapidxml\rapidxml_iterators.hpp">
      <Filter>vendor\rapidxml</Filter>
    </ClInclude>
    <ClInclude Include="..\Vendor\rapidxml\rapidxml_print.hpp">
      <Filter>vendor\rapidxml</Filter>
    </ClInclude>
    <ClInclude Include="..\Vendor\rapidxml\rapidxml_utils.hpp">
      <Filter>vendor\rapidxml</Filter>
    </ClInclude>
    <ClInclude Include="font\font.h">
      <Filter>font</Filter>
    </ClInclude>
    <ClInclude Include="font\bitmap_font.h">
      <Filter>font</Filter>
    </ClInclude>
    <ClInclude Include="utils\xml_utils.h">
      <Filter>utils</Filter>
    </ClInclude>
    <ClInclude Include="graphics_api\dx9\renderer_dx9.h">
      <Filter>graphics_api\dx9</Filter>
    </ClInclude>
    <ClInclude Include="graphics_api\dx9\common_dx9.h">
      <Filter>graphics_api\dx9</Filter>
    </ClInclude>
    <ClInclude Include="graphics_api\dx9\geometry_def_dx9.h">
      <Filter>graphics_api\dx9</Filter>
    </ClInclude>
    <ClInclude Include="platform\windows\windows_window_base.h">
      <Filter>platform\windows</Filter>
    </ClInclude>
    <ClInclude Include="graphics_api\dx9\window_dx9.h">
      <Filter>graphics_api\dx9</Filter>
    </ClInclude>
    <ClInclude Include="graphics_api\sims_sdk_dx9.h">
      <Filter>graphics_api</Filter>
    </ClInclude>
    <ClInclude Include="math\rng.h">
      <Filter>math</Filter>
    </ClInclude>
    <ClInclude Include="core\find_path2d.h">
      <Filter>core</Filter>
    </ClInclude>
    <ClInclude Include="math\ray.h">
      <Filter>math</Filter>
    </ClInclude>
    <ClInclude Include="math\sphere.h">
      <Filter>math</Filter>
    </ClInclude>
    <ClInclude Include="graphics_api\dx9\xmesh_dx9.h">
      <Filter>graphics_api\dx9</Filter>
    </ClInclude>
    <ClInclude Include="graphics_api\dx11\window_dx11.h">
      <Filter>graphics_api\dx11</Filter>
    </ClInclude>
    <ClInclude Include="graphics_api\dx11\common_dx11.h">
      <Filter>graphics_api\dx11</Filter>
    </ClInclude>
    <ClInclude Include="graphics_api\sims_sdk_dx11.h">
      <Filter>graphics_api</Filter>
    </ClInclude>
    <ClInclude Include="graphics_api\dx11\geometry_def_dx11.h">
      <Filter>graphics_api\dx11</Filter>
    </ClInclude>
    <ClInclude Include="graphics_api\rhi\renderer_rhi.h">
      <Filter>graphics_api\rhi</Filter>
    </ClInclude>
    <ClInclude Include="graphics_api\ogl\common_ogl.h">
      <Filter>graphics_api\ogl</Filter>
    </ClInclude>
    <ClInclude Include="graphics_api\ogl\window_ogl.h">
      <Filter>graphics_api\ogl</Filter>
    </ClInclude>
    <ClInclude Include="graphics_api\sims_sdk_ogl.h">
      <Filter>graphics_api</Filter>
    </ClInclude>
    <ClInclude Include="graphics_api\rhi\shader_rhi.h">
      <Filter>graphics_api\rhi</Filter>
    </ClInclude>
    <ClInclude Include="graphics_api\sims_sdk_rhi.h">
      <Filter>graphics_api</Filter>
    </ClInclude>
    <ClInclude Include="graphics_api\dx9\shader_dx9.h">
      <Filter>graphics_api\dx9</Filter>
    </ClInclude>
    <ClInclude Include="core\vfs.h">
      <Filter>core</Filter>
    </ClInclude>
    <ClInclude Include="graphics_api\ogl\renderer_caps_ogl.h">
      <Filter>graphics_api\ogl</Filter>
    </ClInclude>
    <ClInclude Include="graphics_api\dx9\renderer_caps_dx9.h">
      <Filter>graphics_api\dx9</Filter>
    </ClInclude>
  </ItemGroup>
</Project>